
Microsoft Visual Studio Solution File, Format Version 12.00
# Visual Studio Version 17
VisualStudioVersion = 17.3.32929.385
MinimumVisualStudioVersion = 10.0.40219.1
Project("{FAE04EC0-301F-11D3-BF4B-00C04F79EFBC}") = "fantasy-card-game", "fantasy-card-game.csproj", "{9C0F8585-7A65-4131-B691-5B1EBA1CDC6E}"
EndProject
Global
	GlobalSection(SolutionConfigurationPlatforms) = preSolution
		Debug|Any CPU = Debug|Any CPU
		Release|Any CPU = Release|Any CPU
	EndGlobalSection
	GlobalSection(ProjectConfigurationPlatforms) = postSolution
		{9C0F8585-7A65-4131-B691-5B1EBA1CDC6E}.Debug|Any CPU.ActiveCfg = Debug|Any CPU
		{9C0F8585-7A65-4131-B691-5B1EBA1CDC6E}.Debug|Any CPU.Build.0 = Debug|Any CPU
		{9C0F8585-7A65-4131-B691-5B1EBA1CDC6E}.Release|Any CPU.ActiveCfg = Release|Any CPU
		{9C0F8585-7A65-4131-B691-5B1EBA1CDC6E}.Release|Any CPU.Build.0 = Release|Any CPU
	EndGlobalSection
	GlobalSection(SolutionProperties) = preSolution
		HideSolutionNode = FALSE
	EndGlobalSection
	GlobalSection(ExtensibilityGlobals) = postSolution
		SolutionGuid = {B11A9C48-013F-47B9-AD6C-42EFA59FDEA3}
	EndGlobalSection
EndGlobal
